
Microsoft Visual Studio Solution File, Format Version 12.00
# Visual Studio Version 17
VisualStudioVersion = 17.7.34031.279
MinimumVisualStudioVersion = 10.0.40219.1
Project("{FAE04EC0-301F-11D3-BF4B-00C04F79EFBC}") = "learningWinForms", "learningWinForms\learningWinForms.csproj", "{A3A6A17C-55C2-409C-85C3-D588BAF49075}"
EndProject
Global
	GlobalSection(SolutionConfigurationPlatforms) = preSolution
		Debug|Any CPU = Debug|Any CPU
		Release|Any CPU = Release|Any CPU
	EndGlobalSection
	GlobalSection(ProjectConfigurationPlatforms) = postSolution
		{A3A6A17C-55C2-409C-85C3-D588BAF49075}.Debug|Any CPU.ActiveCfg = Debug|Any CPU
		{A3A6A17C-55C2-409C-85C3-D588BAF49075}.Debug|Any CPU.Build.0 = Debug|Any CPU
		{A3A6A17C-55C2-409C-85C3-D588BAF49075}.Release|Any CPU.ActiveCfg = Release|Any CPU
		{A3A6A17C-55C2-409C-85C3-D588BAF49075}.Release|Any CPU.Build.0 = Release|Any CPU
	EndGlobalSection
	GlobalSection(SolutionProperties) = preSolution
		HideSolutionNode = FALSE
	EndGlobalSection
	GlobalSection(ExtensibilityGlobals) = postSolution
		SolutionGuid = {62474E67-FB12-4B01-8E76-72ACC22A45F9}
	EndGlobalSection
EndGlobal
